
Microsoft Visual Studio Solution File, Format Version 12.00
# Visual Studio Version 17
VisualStudioVersion = 17.5.33502.453
MinimumVisualStudioVersion = 10.0.40219.1
Project("{8BC9CEB8-8B4A-11D0-8D11-00A0C91BC942}") = "创建：简单工厂模式", "工厂模式\工厂模式.vcxproj", "{8FA6D35D-9CE4-4CCC-86C1-0C5D73CC9C93}"
EndProject
Project("{8BC9CEB8-8B4A-11D0-8D11-00A0C91BC942}") = "创建：工厂模式IOC", "工厂模式IOC\工厂模式IOC.vcxproj", "{A6A363B9-BFE4-43BE-91E0-7DDEF686FBAF}"
EndProject
Project("{8BC9CEB8-8B4A-11D0-8D11-00A0C91BC942}") = "创建：抽象工厂", "抽象工厂\抽象工厂.vcxproj", "{D0FEAE17-0807-4921-A606-9242BCCAE1A6}"
EndProject
Project("{8BC9CEB8-8B4A-11D0-8D11-00A0C91BC942}") = "创建：构建者模式", "构建模式\构建模式.vcxproj", "{15159C10-E453-4495-A629-D2CCDCBC18D1}"
EndProject
Project("{8BC9CEB8-8B4A-11D0-8D11-00A0C91BC942}") = "创建：原型模式", "原型模式\原型模式.vcxproj", "{E26D51F3-E440-4052-976C-38926FFEF4DE}"
EndProject
Project("{8BC9CEB8-8B4A-11D0-8D11-00A0C91BC942}") = "结构：适配器", "结构：适配器\结构：适配器.vcxproj", "{184E1B27-A622-4F3E-8702-CD67BB90451C}"
EndProject
Project("{8BC9CEB8-8B4A-11D0-8D11-00A0C91BC942}") = "结构：门面模式", "结构：门面模式\结构：门面模式.vcxproj", "{1F8AFD1B-D771-423E-98D5-043E97136720}"
EndProject
Project("{8BC9CEB8-8B4A-11D0-8D11-00A0C91BC942}") = "结构：享元模式", "结构：享元模式\结构：享元模式.vcxproj", "{4A27C99B-EAF2-4A0C-A233-DD0F74C3949B}"
EndProject
Project("{8BC9CEB8-8B4A-11D0-8D11-00A0C91BC942}") = "结构：代理模式", "结构：代理模式\结构：代理模式.vcxproj", "{FEA89C05-B143-4E98-A5B6-3941E5CCFC9B}"
EndProject
Project("{8BC9CEB8-8B4A-11D0-8D11-00A0C91BC942}") = "结构：包装模式", "结构：包装模式\结构：包装模式.vcxproj", "{D6CCB648-B451-483C-903B-8E819451ADBE}"
EndProject
Project("{8BC9CEB8-8B4A-11D0-8D11-00A0C91BC942}") = "结构：组合模式", "结构：组合模式\结构：组合模式.vcxproj", "{EEADC6A2-F8BE-49F3-BD20-95D20FC35BBC}"
EndProject
Project("{8BC9CEB8-8B4A-11D0-8D11-00A0C91BC942}") = "结构：桥接模式", "结构：桥接模式\结构：桥接模式.vcxproj", "{06222BC7-D48A-46D3-B3A5-A269BA9694F5}"
EndProject
Project("{8BC9CEB8-8B4A-11D0-8D11-00A0C91BC942}") = "行为：模板方法", "行为：模板方法\行为：模板方法.vcxproj", "{7CB646BA-5598-44C1-9A9C-0FAF5D44F386}"
EndProject
Project("{8BC9CEB8-8B4A-11D0-8D11-00A0C91BC942}") = "行为：策略模式", "行为：策略模式\行为：策略模式.vcxproj", "{E2DB6DC6-4F56-46F7-B472-56DAAD8B0BDF}"
EndProject
Project("{8BC9CEB8-8B4A-11D0-8D11-00A0C91BC942}") = "行为：观察者模式", "行为：观察者模式\行为：观察者模式.vcxproj", "{B08C1D55-DD83-484A-A978-7B1C4F5A6935}"
EndProject
Project("{8BC9CEB8-8B4A-11D0-8D11-00A0C91BC942}") = "行为：命令模式", "行为：命令模式\行为：命令模式.vcxproj", "{22C06EC0-5794-4A36-8594-52FB756C0865}"
EndProject
Project("{8BC9CEB8-8B4A-11D0-8D11-00A0C91BC942}") = "行为：责任链模式", "行为模式：责任链模式\行为模式：责任链模式.vcxproj", "{D03D8962-D6B6-4D09-93AB-58F66361784D}"
EndProject
Project("{8BC9CEB8-8B4A-11D0-8D11-00A0C91BC942}") = "行为：备忘录模式", "行为：备忘录模式\行为：备忘录模式.vcxproj", "{A87823A1-9373-45E3-9AED-06C85E93B407}"
EndProject
Project("{8BC9CEB8-8B4A-11D0-8D11-00A0C91BC942}") = "行为：调停者模式", "行为：调停者模式\行为：调停者模式.vcxproj", "{A781DEF1-AB9F-4A82-84FF-B7B69C67A352}"
EndProject
Project("{8BC9CEB8-8B4A-11D0-8D11-00A0C91BC942}") = "行为：状态模式", "行为：状态模式\行为：状态模式.vcxproj", "{A67DF671-8F5E-44C8-9068-E762301DED15}"
EndProject
Project("{8BC9CEB8-8B4A-11D0-8D11-00A0C91BC942}") = "行为：解释器模式", "行为：解释器模式\行为：解释器模式.vcxproj", "{E5068791-7183-400C-BED3-6EB6CB0A2D51}"
EndProject
Project("{8BC9CEB8-8B4A-11D0-8D11-00A0C91BC942}") = "行为：访问者模式", "行为：访问者模式\行为：访问者模式.vcxproj", "{C9CE7669-A757-408B-8035-7561DF4A7CAE}"
EndProject
Project("{2150E333-8FDC-42A3-9474-1A3956D46DE8}") = "解决方案项", "解决方案项", "{EA4EC67F-2D52-4EED-813A-87B85379D2C3}"
	ProjectSection(SolutionItems) = preProject
		说明.txt = 说明.txt
	EndProjectSection
EndProject
Project("{8BC9CEB8-8B4A-11D0-8D11-00A0C91BC942}") = "行为：迭代器", "行为：迭代器\行为：迭代器.vcxproj", "{4539E6D8-FA69-4782-9C52-B7E048BD6243}"
EndProject
Project("{8BC9CEB8-8B4A-11D0-8D11-00A0C91BC942}") = "创建：单例模式", "创建：单例模式\创建：单例模式.vcxproj", "{EDFD844A-D334-4BC3-8EF5-BCACD4F2D05D}"
EndProject
Global
	GlobalSection(SolutionConfigurationPlatforms) = preSolution
		Debug|x64 = Debug|x64
		Debug|x86 = Debug|x86
		Release|x64 = Release|x64
		Release|x86 = Release|x86
	EndGlobalSection
	GlobalSection(ProjectConfigurationPlatforms) = postSolution
		{8FA6D35D-9CE4-4CCC-86C1-0C5D73CC9C93}.Debug|x64.ActiveCfg = Debug|x64
		{8FA6D35D-9CE4-4CCC-86C1-0C5D73CC9C93}.Debug|x64.Build.0 = Debug|x64
		{8FA6D35D-9CE4-4CCC-86C1-0C5D73CC9C93}.Debug|x86.ActiveCfg = Debug|Win32
		{8FA6D35D-9CE4-4CCC-86C1-0C5D73CC9C93}.Debug|x86.Build.0 = Debug|Win32
		{8FA6D35D-9CE4-4CCC-86C1-0C5D73CC9C93}.Release|x64.ActiveCfg = Release|x64
		{8FA6D35D-9CE4-4CCC-86C1-0C5D73CC9C93}.Release|x64.Build.0 = Release|x64
		{8FA6D35D-9CE4-4CCC-86C1-0C5D73CC9C93}.Release|x86.ActiveCfg = Release|Win32
		{8FA6D35D-9CE4-4CCC-86C1-0C5D73CC9C93}.Release|x86.Build.0 = Release|Win32
		{A6A363B9-BFE4-43BE-91E0-7DDEF686FBAF}.Debug|x64.ActiveCfg = Debug|x64
		{A6A363B9-BFE4-43BE-91E0-7DDEF686FBAF}.Debug|x64.Build.0 = Debug|x64
		{A6A363B9-BFE4-43BE-91E0-7DDEF686FBAF}.Debug|x86.ActiveCfg = Debug|Win32
		{A6A363B9-BFE4-43BE-91E0-7DDEF686FBAF}.Debug|x86.Build.0 = Debug|Win32
		{A6A363B9-BFE4-43BE-91E0-7DDEF686FBAF}.Release|x64.ActiveCfg = Release|x64
		{A6A363B9-BFE4-43BE-91E0-7DDEF686FBAF}.Release|x64.Build.0 = Release|x64
		{A6A363B9-BFE4-43BE-91E0-7DDEF686FBAF}.Release|x86.ActiveCfg = Release|Win32
		{A6A363B9-BFE4-43BE-91E0-7DDEF686FBAF}.Release|x86.Build.0 = Release|Win32
		{D0FEAE17-0807-4921-A606-9242BCCAE1A6}.Debug|x64.ActiveCfg = Debug|x64
		{D0FEAE17-0807-4921-A606-9242BCCAE1A6}.Debug|x64.Build.0 = Debug|x64
		{D0FEAE17-0807-4921-A606-9242BCCAE1A6}.Debug|x86.ActiveCfg = Debug|Win32
		{D0FEAE17-0807-4921-A606-9242BCCAE1A6}.Debug|x86.Build.0 = Debug|Win32
		{D0FEAE17-0807-4921-A606-9242BCCAE1A6}.Release|x64.ActiveCfg = Release|x64
		{D0FEAE17-0807-4921-A606-9242BCCAE1A6}.Release|x64.Build.0 = Release|x64
		{D0FEAE17-0807-4921-A606-9242BCCAE1A6}.Release|x86.ActiveCfg = Release|Win32
		{D0FEAE17-0807-4921-A606-9242BCCAE1A6}.Release|x86.Build.0 = Release|Win32
		{15159C10-E453-4495-A629-D2CCDCBC18D1}.Debug|x64.ActiveCfg = Debug|x64
		{15159C10-E453-4495-A629-D2CCDCBC18D1}.Debug|x64.Build.0 = Debug|x64
		{15159C10-E453-4495-A629-D2CCDCBC18D1}.Debug|x86.ActiveCfg = Debug|Win32
		{15159C10-E453-4495-A629-D2CCDCBC18D1}.Debug|x86.Build.0 = Debug|Win32
		{15159C10-E453-4495-A629-D2CCDCBC18D1}.Release|x64.ActiveCfg = Release|x64
		{15159C10-E453-4495-A629-D2CCDCBC18D1}.Release|x64.Build.0 = Release|x64
		{15159C10-E453-4495-A629-D2CCDCBC18D1}.Release|x86.ActiveCfg = Release|Win32
		{15159C10-E453-4495-A629-D2CCDCBC18D1}.Release|x86.Build.0 = Release|Win32
		{E26D51F3-E440-4052-976C-38926FFEF4DE}.Debug|x64.ActiveCfg = Debug|x64
		{E26D51F3-E440-4052-976C-38926FFEF4DE}.Debug|x64.Build.0 = Debug|x64
		{E26D51F3-E440-4052-976C-38926FFEF4DE}.Debug|x86.ActiveCfg = Debug|Win32
		{E26D51F3-E440-4052-976C-38926FFEF4DE}.Debug|x86.Build.0 = Debug|Win32
		{E26D51F3-E440-4052-976C-38926FFEF4DE}.Release|x64.ActiveCfg = Release|x64
		{E26D51F3-E440-4052-976C-38926FFEF4DE}.Release|x64.Build.0 = Release|x64
		{E26D51F3-E440-4052-976C-38926FFEF4DE}.Release|x86.ActiveCfg = Release|Win32
		{E26D51F3-E440-4052-976C-38926FFEF4DE}.Release|x86.Build.0 = Release|Win32
		{184E1B27-A622-4F3E-8702-CD67BB90451C}.Debug|x64.ActiveCfg = Debug|x64
		{184E1B27-A622-4F3E-8702-CD67BB90451C}.Debug|x64.Build.0 = Debug|x64
		{184E1B27-A622-4F3E-8702-CD67BB90451C}.Debug|x86.ActiveCfg = Debug|Win32
		{184E1B27-A622-4F3E-8702-CD67BB90451C}.Debug|x86.Build.0 = Debug|Win32
		{184E1B27-A622-4F3E-8702-CD67BB90451C}.Release|x64.ActiveCfg = Release|x64
		{184E1B27-A622-4F3E-8702-CD67BB90451C}.Release|x64.Build.0 = Release|x64
		{184E1B27-A622-4F3E-8702-CD67BB90451C}.Release|x86.ActiveCfg = Release|Win32
		{184E1B27-A622-4F3E-8702-CD67BB90451C}.Release|x86.Build.0 = Release|Win32
		{1F8AFD1B-D771-423E-98D5-043E97136720}.Debug|x64.ActiveCfg = Debug|x64
		{1F8AFD1B-D771-423E-98D5-043E97136720}.Debug|x64.Build.0 = Debug|x64
		{1F8AFD1B-D771-423E-98D5-043E97136720}.Debug|x86.ActiveCfg = Debug|Win32
		{1F8AFD1B-D771-423E-98D5-043E97136720}.Debug|x86.Build.0 = Debug|Win32
		{1F8AFD1B-D771-423E-98D5-043E97136720}.Release|x64.ActiveCfg = Release|x64
		{1F8AFD1B-D771-423E-98D5-043E97136720}.Release|x64.Build.0 = Release|x64
		{1F8AFD1B-D771-423E-98D5-043E97136720}.Release|x86.ActiveCfg = Release|Win32
		{1F8AFD1B-D771-423E-98D5-043E97136720}.Release|x86.Build.0 = Release|Win32
		{4A27C99B-EAF2-4A0C-A233-DD0F74C3949B}.Debug|x64.ActiveCfg = Debug|x64
		{4A27C99B-EAF2-4A0C-A233-DD0F74C3949B}.Debug|x64.Build.0 = Debug|x64
		{4A27C99B-EAF2-4A0C-A233-DD0F74C3949B}.Debug|x86.ActiveCfg = Debug|Win32
		{4A27C99B-EAF2-4A0C-A233-DD0F74C3949B}.Debug|x86.Build.0 = Debug|Win32
		{4A27C99B-EAF2-4A0C-A233-DD0F74C3949B}.Release|x64.ActiveCfg = Release|x64
		{4A27C99B-EAF2-4A0C-A233-DD0F74C3949B}.Release|x64.Build.0 = Release|x64
		{4A27C99B-EAF2-4A0C-A233-DD0F74C3949B}.Release|x86.ActiveCfg = Release|Win32
		{4A27C99B-EAF2-4A0C-A233-DD0F74C3949B}.Release|x86.Build.0 = Release|Win32
		{FEA89C05-B143-4E98-A5B6-3941E5CCFC9B}.Debug|x64.ActiveCfg = Debug|x64
		{FEA89C05-B143-4E98-A5B6-3941E5CCFC9B}.Debug|x64.Build.0 = Debug|x64
		{FEA89C05-B143-4E98-A5B6-3941E5CCFC9B}.Debug|x86.ActiveCfg = Debug|Win32
		{FEA89C05-B143-4E98-A5B6-3941E5CCFC9B}.Debug|x86.Build.0 = Debug|Win32
		{FEA89C05-B143-4E98-A5B6-3941E5CCFC9B}.Release|x64.ActiveCfg = Release|x64
		{FEA89C05-B143-4E98-A5B6-3941E5CCFC9B}.Release|x64.Build.0 = Release|x64
		{FEA89C05-B143-4E98-A5B6-3941E5CCFC9B}.Release|x86.ActiveCfg = Release|Win32
		{FEA89C05-B143-4E98-A5B6-3941E5CCFC9B}.Release|x86.Build.0 = Release|Win32
		{D6CCB648-B451-483C-903B-8E819451ADBE}.Debug|x64.ActiveCfg = Debug|x64
		{D6CCB648-B451-483C-903B-8E819451ADBE}.Debug|x64.Build.0 = Debug|x64
		{D6CCB648-B451-483C-903B-8E819451ADBE}.Debug|x86.ActiveCfg = Debug|Win32
		{D6CCB648-B451-483C-903B-8E819451ADBE}.Debug|x86.Build.0 = Debug|Win32
		{D6CCB648-B451-483C-903B-8E819451ADBE}.Release|x64.ActiveCfg = Release|x64
		{D6CCB648-B451-483C-903B-8E819451ADBE}.Release|x64.Build.0 = Release|x64
		{D6CCB648-B451-483C-903B-8E819451ADBE}.Release|x86.ActiveCfg = Release|Win32
		{D6CCB648-B451-483C-903B-8E819451ADBE}.Release|x86.Build.0 = Release|Win32
		{EEADC6A2-F8BE-49F3-BD20-95D20FC35BBC}.Debug|x64.ActiveCfg = Debug|x64
		{EEADC6A2-F8BE-49F3-BD20-95D20FC35BBC}.Debug|x64.Build.0 = Debug|x64
		{EEADC6A2-F8BE-49F3-BD20-95D20FC35BBC}.Debug|x86.ActiveCfg = Debug|Win32
		{EEADC6A2-F8BE-49F3-BD20-95D20FC35BBC}.Debug|x86.Build.0 = Debug|Win32
		{EEADC6A2-F8BE-49F3-BD20-95D20FC35BBC}.Release|x64.ActiveCfg = Release|x64
		{EEADC6A2-F8BE-49F3-BD20-95D20FC35BBC}.Release|x64.Build.0 = Release|x64
		{EEADC6A2-F8BE-49F3-BD20-95D20FC35BBC}.Release|x86.ActiveCfg = Release|Win32
		{EEADC6A2-F8BE-49F3-BD20-95D20FC35BBC}.Release|x86.Build.0 = Release|Win32
		{06222BC7-D48A-46D3-B3A5-A269BA9694F5}.Debug|x64.ActiveCfg = Debug|x64
		{06222BC7-D48A-46D3-B3A5-A269BA9694F5}.Debug|x64.Build.0 = Debug|x64
		{06222BC7-D48A-46D3-B3A5-A269BA9694F5}.Debug|x86.ActiveCfg = Debug|Win32
		{06222BC7-D48A-46D3-B3A5-A269BA9694F5}.Debug|x86.Build.0 = Debug|Win32
		{06222BC7-D48A-46D3-B3A5-A269BA9694F5}.Release|x64.ActiveCfg = Release|x64
		{06222BC7-D48A-46D3-B3A5-A269BA9694F5}.Release|x64.Build.0 = Release|x64
		{06222BC7-D48A-46D3-B3A5-A269BA9694F5}.Release|x86.ActiveCfg = Release|Win32
		{06222BC7-D48A-46D3-B3A5-A269BA9694F5}.Release|x86.Build.0 = Release|Win32
		{7CB646BA-5598-44C1-9A9C-0FAF5D44F386}.Debug|x64.ActiveCfg = Debug|x64
		{7CB646BA-5598-44C1-9A9C-0FAF5D44F386}.Debug|x64.Build.0 = Debug|x64
		{7CB646BA-5598-44C1-9A9C-0FAF5D44F386}.Debug|x86.ActiveCfg = Debug|Win32
		{7CB646BA-5598-44C1-9A9C-0FAF5D44F386}.Debug|x86.Build.0 = Debug|Win32
		{7CB646BA-5598-44C1-9A9C-0FAF5D44F386}.Release|x64.ActiveCfg = Release|x64
		{7CB646BA-5598-44C1-9A9C-0FAF5D44F386}.Release|x64.Build.0 = Release|x64
		{7CB646BA-5598-44C1-9A9C-0FAF5D44F386}.Release|x86.ActiveCfg = Release|Win32
		{7CB646BA-5598-44C1-9A9C-0FAF5D44F386}.Release|x86.Build.0 = Release|Win32
		{E2DB6DC6-4F56-46F7-B472-56DAAD8B0BDF}.Debug|x64.ActiveCfg = Debug|x64
		{E2DB6DC6-4F56-46F7-B472-56DAAD8B0BDF}.Debug|x64.Build.0 = Debug|x64
		{E2DB6DC6-4F56-46F7-B472-56DAAD8B0BDF}.Debug|x86.ActiveCfg = Debug|Win32
		{E2DB6DC6-4F56-46F7-B472-56DAAD8B0BDF}.Debug|x86.Build.0 = Debug|Win32
		{E2DB6DC6-4F56-46F7-B472-56DAAD8B0BDF}.Release|x64.ActiveCfg = Release|x64
		{E2DB6DC6-4F56-46F7-B472-56DAAD8B0BDF}.Release|x64.Build.0 = Release|x64
		{E2DB6DC6-4F56-46F7-B472-56DAAD8B0BDF}.Release|x86.ActiveCfg = Release|Win32
		{E2DB6DC6-4F56-46F7-B472-56DAAD8B0BDF}.Release|x86.Build.0 = Release|Win32
		{B08C1D55-DD83-484A-A978-7B1C4F5A6935}.Debug|x64.ActiveCfg = Debug|x64
		{B08C1D55-DD83-484A-A978-7B1C4F5A6935}.Debug|x64.Build.0 = Debug|x64
		{B08C1D55-DD83-484A-A978-7B1C4F5A6935}.Debug|x86.ActiveCfg = Debug|Win32
		{B08C1D55-DD83-484A-A978-7B1C4F5A6935}.Debug|x86.Build.0 = Debug|Win32
		{B08C1D55-DD83-484A-A978-7B1C4F5A6935}.Release|x64.ActiveCfg = Release|x64
		{B08C1D55-DD83-484A-A978-7B1C4F5A6935}.Release|x64.Build.0 = Release|x64
		{B08C1D55-DD83-484A-A978-7B1C4F5A6935}.Release|x86.ActiveCfg = Release|Win32
		{B08C1D55-DD83-484A-A978-7B1C4F5A6935}.Release|x86.Build.0 = Release|Win32
		{22C06EC0-5794-4A36-8594-52FB756C0865}.Debug|x64.ActiveCfg = Debug|x64
		{22C06EC0-5794-4A36-8594-52FB756C0865}.Debug|x64.Build.0 = Debug|x64
		{22C06EC0-5794-4A36-8594-52FB756C0865}.Debug|x86.ActiveCfg = Debug|Win32
		{22C06EC0-5794-4A36-8594-52FB756C0865}.Debug|x86.Build.0 = Debug|Win32
		{22C06EC0-5794-4A36-8594-52FB756C0865}.Release|x64.ActiveCfg = Release|x64
		{22C06EC0-5794-4A36-8594-52FB756C0865}.Release|x64.Build.0 = Release|x64
		{22C06EC0-5794-4A36-8594-52FB756C0865}.Release|x86.ActiveCfg = Release|Win32
		{22C06EC0-5794-4A36-8594-52FB756C0865}.Release|x86.Build.0 = Release|Win32
		{D03D8962-D6B6-4D09-93AB-58F66361784D}.Debug|x64.ActiveCfg = Debug|x64
		{D03D8962-D6B6-4D09-93AB-58F66361784D}.Debug|x64.Build.0 = Debug|x64
		{D03D8962-D6B6-4D09-93AB-58F66361784D}.Debug|x86.ActiveCfg = Debug|Win32
		{D03D8962-D6B6-4D09-93AB-58F66361784D}.Debug|x86.Build.0 = Debug|Win32
		{D03D8962-D6B6-4D09-93AB-58F66361784D}.Release|x64.ActiveCfg = Release|x64
		{D03D8962-D6B6-4D09-93AB-58F66361784D}.Release|x64.Build.0 = Release|x64
		{D03D8962-D6B6-4D09-93AB-58F66361784D}.Release|x86.ActiveCfg = Release|Win32
		{D03D8962-D6B6-4D09-93AB-58F66361784D}.Release|x86.Build.0 = Release|Win32
		{A87823A1-9373-45E3-9AED-06C85E93B407}.Debug|x64.ActiveCfg = Debug|x64
		{A87823A1-9373-45E3-9AED-06C85E93B407}.Debug|x64.Build.0 = Debug|x64
		{A87823A1-9373-45E3-9AED-06C85E93B407}.Debug|x86.ActiveCfg = Debug|Win32
		{A87823A1-9373-45E3-9AED-06C85E93B407}.Debug|x86.Build.0 = Debug|Win32
		{A87823A1-9373-45E3-9AED-06C85E93B407}.Release|x64.ActiveCfg = Release|x64
		{A87823A1-9373-45E3-9AED-06C85E93B407}.Release|x64.Build.0 = Release|x64
		{A87823A1-9373-45E3-9AED-06C85E93B407}.Release|x86.ActiveCfg = Release|Win32
		{A87823A1-9373-45E3-9AED-06C85E93B407}.Release|x86.Build.0 = Release|Win32
		{A781DEF1-AB9F-4A82-84FF-B7B69C67A352}.Debug|x64.ActiveCfg = Debug|x64
		{A781DEF1-AB9F-4A82-84FF-B7B69C67A352}.Debug|x64.Build.0 = Debug|x64
		{A781DEF1-AB9F-4A82-84FF-B7B69C67A352}.Debug|x86.ActiveCfg = Debug|Win32
		{A781DEF1-AB9F-4A82-84FF-B7B69C67A352}.Debug|x86.Build.0 = Debug|Win32
		{A781DEF1-AB9F-4A82-84FF-B7B69C67A352}.Release|x64.ActiveCfg = Release|x64
		{A781DEF1-AB9F-4A82-84FF-B7B69C67A352}.Release|x64.Build.0 = Release|x64
		{A781DEF1-AB9F-4A82-84FF-B7B69C67A352}.Release|x86.ActiveCfg = Release|Win32
		{A781DEF1-AB9F-4A82-84FF-B7B69C67A352}.Release|x86.Build.0 = Release|Win32
		{A67DF671-8F5E-44C8-9068-E762301DED15}.Debug|x64.ActiveCfg = Debug|x64
		{A67DF671-8F5E-44C8-9068-E762301DED15}.Debug|x64.Build.0 = Debug|x64
		{A67DF671-8F5E-44C8-9068-E762301DED15}.Debug|x86.ActiveCfg = Debug|Win32
		{A67DF671-8F5E-44C8-9068-E762301DED15}.Debug|x86.Build.0 = Debug|Win32
		{A67DF671-8F5E-44C8-9068-E762301DED15}.Release|x64.ActiveCfg = Release|x64
		{A67DF671-8F5E-44C8-9068-E762301DED15}.Release|x64.Build.0 = Release|x64
		{A67DF671-8F5E-44C8-9068-E762301DED15}.Release|x86.ActiveCfg = Release|Win32
		{A67DF671-8F5E-44C8-9068-E762301DED15}.Release|x86.Build.0 = Release|Win32
		{E5068791-7183-400C-BED3-6EB6CB0A2D51}.Debug|x64.ActiveCfg = Debug|x64
		{E5068791-7183-400C-BED3-6EB6CB0A2D51}.Debug|x64.Build.0 = Debug|x64
		{E5068791-7183-400C-BED3-6EB6CB0A2D51}.Debug|x86.ActiveCfg = Debug|Win32
		{E5068791-7183-400C-BED3-6EB6CB0A2D51}.Debug|x86.Build.0 = Debug|Win32
		{E5068791-7183-400C-BED3-6EB6CB0A2D51}.Release|x64.ActiveCfg = Release|x64
		{E5068791-7183-400C-BED3-6EB6CB0A2D51}.Release|x64.Build.0 = Release|x64
		{E5068791-7183-400C-BED3-6EB6CB0A2D51}.Release|x86.ActiveCfg = Release|Win32
		{E5068791-7183-400C-BED3-6EB6CB0A2D51}.Release|x86.Build.0 = Release|Win32
		{C9CE7669-A757-408B-8035-7561DF4A7CAE}.Debug|x64.ActiveCfg = Debug|x64
		{C9CE7669-A757-408B-8035-7561DF4A7CAE}.Debug|x64.Build.0 = Debug|x64
		{C9CE7669-A757-408B-8035-7561DF4A7CAE}.Debug|x86.ActiveCfg = Debug|Win32
		{C9CE7669-A757-408B-8035-7561DF4A7CAE}.Debug|x86.Build.0 = Debug|Win32
		{C9CE7669-A757-408B-8035-7561DF4A7CAE}.Release|x64.ActiveCfg = Release|x64
		{C9CE7669-A757-408B-8035-7561DF4A7CAE}.Release|x64.Build.0 = Release|x64
		{C9CE7669-A757-408B-8035-7561DF4A7CAE}.Release|x86.ActiveCfg = Release|Win32
		{C9CE7669-A757-408B-8035-7561DF4A7CAE}.Release|x86.Build.0 = Release|Win32
		{4539E6D8-FA69-4782-9C52-B7E048BD6243}.Debug|x64.ActiveCfg = Debug|x64
		{4539E6D8-FA69-4782-9C52-B7E048BD6243}.Debug|x64.Build.0 = Debug|x64
		{4539E6D8-FA69-4782-9C52-B7E048BD6243}.Debug|x86.ActiveCfg = Debug|Win32
		{4539E6D8-FA69-4782-9C52-B7E048BD6243}.Debug|x86.Build.0 = Debug|Win32
		{4539E6D8-FA69-4782-9C52-B7E048BD6243}.Release|x64.ActiveCfg = Release|x64
		{4539E6D8-FA69-4782-9C52-B7E048BD6243}.Release|x64.Build.0 = Release|x64
		{4539E6D8-FA69-4782-9C52-B7E048BD6243}.Release|x86.ActiveCfg = Release|Win32
		{4539E6D8-FA69-4782-9C52-B7E048BD6243}.Release|x86.Build.0 = Release|Win32
		{EDFD844A-D334-4BC3-8EF5-BCACD4F2D05D}.Debug|x64.ActiveCfg = Debug|x64
		{EDFD844A-D334-4BC3-8EF5-BCACD4F2D05D}.Debug|x64.Build.0 = Debug|x64
		{EDFD844A-D334-4BC3-8EF5-BCACD4F2D05D}.Debug|x86.ActiveCfg = Debug|Win32
		{EDFD844A-D334-4BC3-8EF5-BCACD4F2D05D}.Debug|x86.Build.0 = Debug|Win32
		{EDFD844A-D334-4BC3-8EF5-BCACD4F2D05D}.Release|x64.ActiveCfg = Release|x64
		{EDFD844A-D334-4BC3-8EF5-BCACD4F2D05D}.Release|x64.Build.0 = Release|x64
		{EDFD844A-D334-4BC3-8EF5-BCACD4F2D05D}.Release|x86.ActiveCfg = Release|Win32
		{EDFD844A-D334-4BC3-8EF5-BCACD4F2D05D}.Release|x86.Build.0 = Release|Win32
	EndGlobalSection
	GlobalSection(SolutionProperties) = preSolution
		HideSolutionNode = FALSE
	EndGlobalSection
	GlobalSection(ExtensibilityGlobals) = postSolution
		SolutionGuid = {844DFA82-0006-43D5-85CF-DEEA8977EA36}
	EndGlobalSection
EndGlobal
