
Microsoft Visual Studio Solution File, Format Version 12.00
# Visual Studio Version 17
VisualStudioVersion = 17.6.33712.159
MinimumVisualStudioVersion = 10.0.40219.1
Project("{8BC9CEB8-8B4A-11D0-8D11-00A0C91BC942}") = "顺序表", "数据结构\数据结构.vcxproj", "{774F4D70-D0BB-4E75-856F-0ABCDC4C48C0}"
EndProject
Project("{8BC9CEB8-8B4A-11D0-8D11-00A0C91BC942}") = "链表", "链表\链表.vcxproj", "{2C42C2B5-7989-483E-B1C6-7CB72080CA9D}"
EndProject
Project("{8BC9CEB8-8B4A-11D0-8D11-00A0C91BC942}") = "双端链表", "双端链表\双端链表.vcxproj", "{DE0B33CB-08B2-4246-B1AD-F32712D65D7F}"
EndProject
Project("{8BC9CEB8-8B4A-11D0-8D11-00A0C91BC942}") = "队列", "队列\队列.vcxproj", "{488FD132-27AA-4BEC-B214-8F5AD839D711}"
EndProject
Project("{8BC9CEB8-8B4A-11D0-8D11-00A0C91BC942}") = "栈", "堆栈\堆栈.vcxproj", "{D9F55D88-EF3B-44FF-8C3A-26D3CAAAC728}"
EndProject
Project("{8BC9CEB8-8B4A-11D0-8D11-00A0C91BC942}") = "哈希表", "哈希表\哈希表.vcxproj", "{866361BC-4971-4E8C-A4E3-A1501F3E9867}"
EndProject
Project("{8BC9CEB8-8B4A-11D0-8D11-00A0C91BC942}") = "堆", "堆\堆.vcxproj", "{60E80B66-5ABD-4FB3-B1A2-4E8CD203B883}"
EndProject
Project("{8BC9CEB8-8B4A-11D0-8D11-00A0C91BC942}") = "二叉树", "二叉树\二叉树.vcxproj", "{34E4B795-5F25-401E-BAD7-02560641E597}"
EndProject
Project("{8BC9CEB8-8B4A-11D0-8D11-00A0C91BC942}") = "图", "图\图.vcxproj", "{FF298E7C-39A5-4970-90BB-7002ADFCCBB7}"
EndProject
Project("{8BC9CEB8-8B4A-11D0-8D11-00A0C91BC942}") = "五大核心算法", "五大核心算法\五大核心算法.vcxproj", "{CC3066C3-56CA-4985-89B4-CBA64DD9578A}"
EndProject
Global
	GlobalSection(SolutionConfigurationPlatforms) = preSolution
		Debug|x64 = Debug|x64
		Debug|x86 = Debug|x86
		Release|x64 = Release|x64
		Release|x86 = Release|x86
	EndGlobalSection
	GlobalSection(ProjectConfigurationPlatforms) = postSolution
		{774F4D70-D0BB-4E75-856F-0ABCDC4C48C0}.Debug|x64.ActiveCfg = Debug|x64
		{774F4D70-D0BB-4E75-856F-0ABCDC4C48C0}.Debug|x64.Build.0 = Debug|x64
		{774F4D70-D0BB-4E75-856F-0ABCDC4C48C0}.Debug|x86.ActiveCfg = Debug|Win32
		{774F4D70-D0BB-4E75-856F-0ABCDC4C48C0}.Debug|x86.Build.0 = Debug|Win32
		{774F4D70-D0BB-4E75-856F-0ABCDC4C48C0}.Release|x64.ActiveCfg = Release|x64
		{774F4D70-D0BB-4E75-856F-0ABCDC4C48C0}.Release|x64.Build.0 = Release|x64
		{774F4D70-D0BB-4E75-856F-0ABCDC4C48C0}.Release|x86.ActiveCfg = Release|Win32
		{774F4D70-D0BB-4E75-856F-0ABCDC4C48C0}.Release|x86.Build.0 = Release|Win32
		{2C42C2B5-7989-483E-B1C6-7CB72080CA9D}.Debug|x64.ActiveCfg = Debug|x64
		{2C42C2B5-7989-483E-B1C6-7CB72080CA9D}.Debug|x64.Build.0 = Debug|x64
		{2C42C2B5-7989-483E-B1C6-7CB72080CA9D}.Debug|x86.ActiveCfg = Debug|Win32
		{2C42C2B5-7989-483E-B1C6-7CB72080CA9D}.Debug|x86.Build.0 = Debug|Win32
		{2C42C2B5-7989-483E-B1C6-7CB72080CA9D}.Release|x64.ActiveCfg = Release|x64
		{2C42C2B5-7989-483E-B1C6-7CB72080CA9D}.Release|x64.Build.0 = Release|x64
		{2C42C2B5-7989-483E-B1C6-7CB72080CA9D}.Release|x86.ActiveCfg = Release|Win32
		{2C42C2B5-7989-483E-B1C6-7CB72080CA9D}.Release|x86.Build.0 = Release|Win32
		{DE0B33CB-08B2-4246-B1AD-F32712D65D7F}.Debug|x64.ActiveCfg = Debug|x64
		{DE0B33CB-08B2-4246-B1AD-F32712D65D7F}.Debug|x64.Build.0 = Debug|x64
		{DE0B33CB-08B2-4246-B1AD-F32712D65D7F}.Debug|x86.ActiveCfg = Debug|Win32
		{DE0B33CB-08B2-4246-B1AD-F32712D65D7F}.Debug|x86.Build.0 = Debug|Win32
		{DE0B33CB-08B2-4246-B1AD-F32712D65D7F}.Release|x64.ActiveCfg = Release|x64
		{DE0B33CB-08B2-4246-B1AD-F32712D65D7F}.Release|x64.Build.0 = Release|x64
		{DE0B33CB-08B2-4246-B1AD-F32712D65D7F}.Release|x86.ActiveCfg = Release|Win32
		{DE0B33CB-08B2-4246-B1AD-F32712D65D7F}.Release|x86.Build.0 = Release|Win32
		{488FD132-27AA-4BEC-B214-8F5AD839D711}.Debug|x64.ActiveCfg = Debug|x64
		{488FD132-27AA-4BEC-B214-8F5AD839D711}.Debug|x64.Build.0 = Debug|x64
		{488FD132-27AA-4BEC-B214-8F5AD839D711}.Debug|x86.ActiveCfg = Debug|Win32
		{488FD132-27AA-4BEC-B214-8F5AD839D711}.Debug|x86.Build.0 = Debug|Win32
		{488FD132-27AA-4BEC-B214-8F5AD839D711}.Release|x64.ActiveCfg = Release|x64
		{488FD132-27AA-4BEC-B214-8F5AD839D711}.Release|x64.Build.0 = Release|x64
		{488FD132-27AA-4BEC-B214-8F5AD839D711}.Release|x86.ActiveCfg = Release|Win32
		{488FD132-27AA-4BEC-B214-8F5AD839D711}.Release|x86.Build.0 = Release|Win32
		{D9F55D88-EF3B-44FF-8C3A-26D3CAAAC728}.Debug|x64.ActiveCfg = Debug|x64
		{D9F55D88-EF3B-44FF-8C3A-26D3CAAAC728}.Debug|x64.Build.0 = Debug|x64
		{D9F55D88-EF3B-44FF-8C3A-26D3CAAAC728}.Debug|x86.ActiveCfg = Debug|Win32
		{D9F55D88-EF3B-44FF-8C3A-26D3CAAAC728}.Debug|x86.Build.0 = Debug|Win32
		{D9F55D88-EF3B-44FF-8C3A-26D3CAAAC728}.Release|x64.ActiveCfg = Release|x64
		{D9F55D88-EF3B-44FF-8C3A-26D3CAAAC728}.Release|x64.Build.0 = Release|x64
		{D9F55D88-EF3B-44FF-8C3A-26D3CAAAC728}.Release|x86.ActiveCfg = Release|Win32
		{D9F55D88-EF3B-44FF-8C3A-26D3CAAAC728}.Release|x86.Build.0 = Release|Win32
		{866361BC-4971-4E8C-A4E3-A1501F3E9867}.Debug|x64.ActiveCfg = Debug|x64
		{866361BC-4971-4E8C-A4E3-A1501F3E9867}.Debug|x64.Build.0 = Debug|x64
		{866361BC-4971-4E8C-A4E3-A1501F3E9867}.Debug|x86.ActiveCfg = Debug|Win32
		{866361BC-4971-4E8C-A4E3-A1501F3E9867}.Debug|x86.Build.0 = Debug|Win32
		{866361BC-4971-4E8C-A4E3-A1501F3E9867}.Release|x64.ActiveCfg = Release|x64
		{866361BC-4971-4E8C-A4E3-A1501F3E9867}.Release|x64.Build.0 = Release|x64
		{866361BC-4971-4E8C-A4E3-A1501F3E9867}.Release|x86.ActiveCfg = Release|Win32
		{866361BC-4971-4E8C-A4E3-A1501F3E9867}.Release|x86.Build.0 = Release|Win32
		{60E80B66-5ABD-4FB3-B1A2-4E8CD203B883}.Debug|x64.ActiveCfg = Debug|x64
		{60E80B66-5ABD-4FB3-B1A2-4E8CD203B883}.Debug|x64.Build.0 = Debug|x64
		{60E80B66-5ABD-4FB3-B1A2-4E8CD203B883}.Debug|x86.ActiveCfg = Debug|Win32
		{60E80B66-5ABD-4FB3-B1A2-4E8CD203B883}.Debug|x86.Build.0 = Debug|Win32
		{60E80B66-5ABD-4FB3-B1A2-4E8CD203B883}.Release|x64.ActiveCfg = Release|x64
		{60E80B66-5ABD-4FB3-B1A2-4E8CD203B883}.Release|x64.Build.0 = Release|x64
		{60E80B66-5ABD-4FB3-B1A2-4E8CD203B883}.Release|x86.ActiveCfg = Release|Win32
		{60E80B66-5ABD-4FB3-B1A2-4E8CD203B883}.Release|x86.Build.0 = Release|Win32
		{34E4B795-5F25-401E-BAD7-02560641E597}.Debug|x64.ActiveCfg = Debug|x64
		{34E4B795-5F25-401E-BAD7-02560641E597}.Debug|x64.Build.0 = Debug|x64
		{34E4B795-5F25-401E-BAD7-02560641E597}.Debug|x86.ActiveCfg = Debug|Win32
		{34E4B795-5F25-401E-BAD7-02560641E597}.Debug|x86.Build.0 = Debug|Win32
		{34E4B795-5F25-401E-BAD7-02560641E597}.Release|x64.ActiveCfg = Release|x64
		{34E4B795-5F25-401E-BAD7-02560641E597}.Release|x64.Build.0 = Release|x64
		{34E4B795-5F25-401E-BAD7-02560641E597}.Release|x86.ActiveCfg = Release|Win32
		{34E4B795-5F25-401E-BAD7-02560641E597}.Release|x86.Build.0 = Release|Win32
		{FF298E7C-39A5-4970-90BB-7002ADFCCBB7}.Debug|x64.ActiveCfg = Debug|x64
		{FF298E7C-39A5-4970-90BB-7002ADFCCBB7}.Debug|x64.Build.0 = Debug|x64
		{FF298E7C-39A5-4970-90BB-7002ADFCCBB7}.Debug|x86.ActiveCfg = Debug|Win32
		{FF298E7C-39A5-4970-90BB-7002ADFCCBB7}.Debug|x86.Build.0 = Debug|Win32
		{FF298E7C-39A5-4970-90BB-7002ADFCCBB7}.Release|x64.ActiveCfg = Release|x64
		{FF298E7C-39A5-4970-90BB-7002ADFCCBB7}.Release|x64.Build.0 = Release|x64
		{FF298E7C-39A5-4970-90BB-7002ADFCCBB7}.Release|x86.ActiveCfg = Release|Win32
		{FF298E7C-39A5-4970-90BB-7002ADFCCBB7}.Release|x86.Build.0 = Release|Win32
		{CC3066C3-56CA-4985-89B4-CBA64DD9578A}.Debug|x64.ActiveCfg = Debug|x64
		{CC3066C3-56CA-4985-89B4-CBA64DD9578A}.Debug|x64.Build.0 = Debug|x64
		{CC3066C3-56CA-4985-89B4-CBA64DD9578A}.Debug|x86.ActiveCfg = Debug|Win32
		{CC3066C3-56CA-4985-89B4-CBA64DD9578A}.Debug|x86.Build.0 = Debug|Win32
		{CC3066C3-56CA-4985-89B4-CBA64DD9578A}.Release|x64.ActiveCfg = Release|x64
		{CC3066C3-56CA-4985-89B4-CBA64DD9578A}.Release|x64.Build.0 = Release|x64
		{CC3066C3-56CA-4985-89B4-CBA64DD9578A}.Release|x86.ActiveCfg = Release|Win32
		{CC3066C3-56CA-4985-89B4-CBA64DD9578A}.Release|x86.Build.0 = Release|Win32
	EndGlobalSection
	GlobalSection(SolutionProperties) = preSolution
		HideSolutionNode = FALSE
	EndGlobalSection
	GlobalSection(ExtensibilityGlobals) = postSolution
		SolutionGuid = {178CA363-78FC-47DE-95AB-A9EB9D40E8C9}
	EndGlobalSection
EndGlobal
